
Microsoft Visual Studio Solution File, Format Version 12.00
# Visual Studio Version 17
VisualStudioVersion = 17.8.34525.116
MinimumVisualStudioVersion = 10.0.40219.1
Project("{FAE04EC0-301F-11D3-BF4B-00C04F79EFBC}") = "DesignPatternsPractice", "DesignPatternsPractice.csproj", "{550BD200-18BC-42A0-9128-88934F6847A6}"
EndProject
Global
	GlobalSection(SolutionConfigurationPlatforms) = preSolution
		Debug|Any CPU = Debug|Any CPU
		Release|Any CPU = Release|Any CPU
	EndGlobalSection
	GlobalSection(ProjectConfigurationPlatforms) = postSolution
		{550BD200-18BC-42A0-9128-88934F6847A6}.Debug|Any CPU.ActiveCfg = Debug|Any CPU
		{550BD200-18BC-42A0-9128-88934F6847A6}.Debug|Any CPU.Build.0 = Debug|Any CPU
		{550BD200-18BC-42A0-9128-88934F6847A6}.Release|Any CPU.ActiveCfg = Release|Any CPU
		{550BD200-18BC-42A0-9128-88934F6847A6}.Release|Any CPU.Build.0 = Release|Any CPU
	EndGlobalSection
	GlobalSection(SolutionProperties) = preSolution
		HideSolutionNode = FALSE
	EndGlobalSection
	GlobalSection(ExtensibilityGlobals) = postSolution
		SolutionGuid = {48E76121-9EC5-4D3F-BC6C-9BE213190755}
	EndGlobalSection
EndGlobal
